{
  "version": 4,
  "terraform_version": "1.14.3",
  "serial": 27,
  "lineage": "ef2f48a5-4d46-1ac4-7a11-8f15b7f83afc",
  "outputs": {},
  "resources": [
    {
      "mode": "managed",
      "type": "dreamhost_dns_record",
      "name": "dns_records",
      "provider": "provider[\"registry.terraform.io/adamantal/dreamhost\"]",
      "instances": [
        {
          "index_key": "relay",
          "schema_version": 0,
          "attributes": {
            "account_id": "1664685",
            "comment": "",
            "editable": "1",
            "id": "A|relay.kcbitcoiners.com|139.144.226.121",
            "record": "relay.kcbitcoiners.com",
            "type": "A",
            "value": "139.144.226.121",
            "zone": "kcbitcoiners.com"
          },
          "sensitive_attributes": [],
          "identity_schema_version": 0,
          "private": "eyJzY2hlbWFfdmVyc2lvbiI6IjAifQ=="
        }
      ]
    }
  ],
  "check_results": null
}
